lockfileVersion: '9.0'

settings:
  autoInstallPeers: true
  excludeLinksFromLockfile: false

importers:

  .:
    devDependencies:
      '@girs/gnome-shell':
        specifier: 46.0.2
        version: 46.0.2
      '@tsconfig/strictest':
        specifier: ^2.0.8
        version: 2.0.8
      typescript:
        specifier: ^5.8.3
        version: 5.9.3

packages:

  '@girs/accountsservice-1.0@1.0.0-4.0.0-rc.15':
    resolution: {integrity: sha512-zEnblWIIfs16tjrTkGPpje8gUzcXsfJpMm/FMWEZLulzo96eNjmyeSvCccGW3+K6y+2Ol68CW23yhLNJLJ3vEg==}

  '@girs/adw-1@1.6.0-4.0.0-beta.16':
    resolution: {integrity: sha512-ck4+j77/CFmJu1JausjyEfT54CmASQgd6J74BZRWRQyJYj+z2J+x0YJ8EON+HcX8Sh6KvlyD8ydg4pmTpgO2/w==}

  '@girs/atk-1.0@2.52.0-4.0.0-beta.15':
    resolution: {integrity: sha512-/3l0yE/xyxhnIlju8moS+OlRir3gxCoaxXNrdpDXKiPAz/sBMYN4PGBgbd/7rYljMJEwnZMC2o9tyTKsIYaSwQ==}

  '@girs/atk-1.0@2.60.0-4.0.0-rc.15':
    resolution: {integrity: sha512-ZZ4a4+JaZJ0LtKIs+Cnox2y4bRwgI/iv9zeSmnBN7N09v+o/g6QbjY/5sOkd4g96iej1oxqQ8ZQYsCKGOWToYQ==}

  '@girs/cairo-1.0@1.0.0-4.0.0-beta.40':
    resolution: {integrity: sha512-luqUsMf2cPphDc4lb8IHcw0bX8eGa4g0aQypZJypAeIs9eyHfEDHWKhLgp4I0HaQvaevbd3QBosaH7UhkArL1A==}

  '@girs/cairo-1.0@1.0.0-4.0.0-rc.15':
    resolution: {integrity: sha512-GkH1Zp/E049gntiU1enoR7sg4rqEC2uOtRJ28hl1sWkJteyGtUkDK6dQP3WE90JVyEN7eIZK4kmkXgGULqLUWA==}

  '@girs/cally-14@14.0.0-4.0.0-rc.15':
    resolution: {integrity: sha512-5wJcXt3vSnvn7VOtGyS5fQmw9iL/DiVOpM1WPA3RQXKCciqjhzx6ELHbSDdA6o4zUBIWjq6F2pHYiOb5Oy/GIw==}

  '@girs/clutter-14@14.0.0-4.0.0-rc.15':
    resolution: {integrity: sha512-DB0+YMIIZEtA9rXQVRNZjXcaaj5/JJf6r2wgmlvO3VsxKx/eb5N8JPNyAOt0BQL7h3/UTujhTCKhqeoS9HWggA==}

  '@girs/cogl-14@14.0.0-4.0.0-rc.15':
    resolution: {integrity: sha512-JMqmLLWCaJqNrD03GOk1orXpqw9dFmeiZU05kAZgRzBNsMd7tdpxWNamcwHsBDW6CzB3mfr/Vv0hz2RFtjR33g==}

  '@girs/cogl-2.0@2.0.0-4.0.0-rc.15':
    resolution: {integrity: sha512-JXp1uc5hZeiX5yZ7ZjG4+oIMqmeN+FF4437b+1WjQBIiO15crl6ClAcHUrCgNuFbn7t5Kidn27oRGguRsUVLxA==}

  '@girs/coglpango-14@14.0.0-4.0.0-rc.15':
    resolution: {integrity: sha512-ZP8MGjY1ovwI/bq5WNf9AGy/y5M7XlJg+LTGZLRgfVqAV0Ez2+cQYRJpYrEEhkQwuEtHuKqFhaQzme460cfDJA==}

  '@girs/freetype2-2.0@2.0.0-4.0.0-rc.15':
    resolution: {integrity: sha512-9ewd7cwn+2YjjhRW2WUTn38U2D98gEAWM85zBcYti+81yvG/5iRH93o1Ki32bwFWzSI1JWi/+F90YkbV0Hb9QQ==}

  '@girs/gck-2@4.3.0-4.0.0-beta.20':
    resolution: {integrity: sha512-sPSmtwNSdumBG+wnG+502aBjllk3fArVHr4m9ZvTUoitLD6p1Ht+Z+7DR71ae/tC7ZAk0lBr5k/s18i23KNi8g==}

  '@girs/gck-2@4.4.0-4.0.0-rc.15':
    resolution: {integrity: sha512-eBJVs4qAan3fO1Nmw/SGxTc7jGcdo17hHl4ypBt/fYB/Dafx5N4nMVtETz67Q3Nhm5oWPuZUtX5DOY1DFuPGfw==}

  '@girs/gcr-4@4.3.0-4.0.0-beta.20':
    resolution: {integrity: sha512-PMacRxe2ebTLqyFThBthlIXRu5RXpFG9gBbxOMUbp9ifb9P1lglvpmS0UoI8MDcRZAN5HagULqvt68/vpe9huA==}

  '@girs/gcr-4@4.4.0-4.0.0-rc.15':
    resolution: {integrity: sha512-5ShE5NQIF55gvkR3nY/hR0wtYqdtPVPvYg/A7hi0C1YK+/dRe/2mUFKWJAXXUmXvHmn+byIGIg5Zhej5UEMosA==}

  '@girs/gdesktopenums-3.0@3.0.0-4.0.0-rc.15':
    resolution: {integrity: sha512-0wYAOxYqR4qT+TdGxNi0/zuIhYRxJiUH7ZEw1PktYAHhYOjwmcyzJag2oiIhVszNDuBbFMyGjulD62qu0ib3OA==}

  '@girs/gdk-4.0@4.0.0-4.0.0-rc.15':
    resolution: {integrity: sha512-NFWG8T3WCNT6JV/p1g8VVBUdQQdW7SfQJk0De1PATLo+gpbay0M5eHCb1+oQoPPOozyFviAXtFm0o0XjIki2xA==}

  '@girs/gdkpixbuf-2.0@2.0.0-4.0.0-rc.15':
    resolution: {integrity: sha512-sC9ANhTdVngxlXGfItkiTeBkhfW+DwyfGo2b7rV8H4r0MQ3//2+L3tu6O3QFqbvGXSSk7K56a0D3fSc1et/aHQ==}

  '@girs/gdm-1.0@1.0.0-4.0.0-rc.15':
    resolution: {integrity: sha512-36ZM6DkLSwTXA0TtHTx6JXpJ4AOeKzt00UduKlCJB13nJs6+rwMdqJ9tvyF0GB+JAJl5rVK06rfkzKu5PUbVTw==}

  '@girs/gio-2.0@2.80.3-4.0.0-beta.15':
    resolution: {integrity: sha512-KxfB+pkmXeFzA/5MBCy+U2/lOLDrA4ct/oVf9mt3iwzJ+xthUNQq/GyN6krIzM+mWwD/itTDUa+f2nEvRHskrg==}

  '@girs/gio-2.0@2.82.0-4.0.0-beta.16':
    resolution: {integrity: sha512-5JW6qgyzh3OW7dEihP+h2ZtXWw7kDXi/ra63ZscnYqUIuoebqaSB66HFzd3AMyDYYQ7j8IGZdJCog+6kKwnk8Q==}

  '@girs/gio-2.0@2.82.4-4.0.0-beta.20':
    resolution: {integrity: sha512-w9Bu0uLv0ikSgXwnS/Gtsf+daOZBoMy+uD8lWAam4trq8rfYAfPUCGhFwhUqnkcF6TsF5+5z4N9RZADS4+IRqg==}

  '@girs/gio-2.0@2.86.4-4.0.0-beta.40':
    resolution: {integrity: sha512-TTAEE/2nCAkx01hID4n8f0ByiFJ0QwGJcY8QYmom19QXmlIWCLF/GWLeXi/7ZyKJOtChSFk8IJglS0O6zC1spw==}

  '@girs/gio-2.0@2.88.0-4.0.0-rc.15':
    resolution: {integrity: sha512-ccnwhll0WgK6u4cCN7lwD8frRWnygRHdXi6mAZXpZaYi8vcPxWz59kQLVE8Zr2wwGhWaHygeuQd4FyY9FOil4A==}

  '@girs/gjs@4.0.0-beta.40':
    resolution: {integrity: sha512-+gHGA5PJvEExpiPkpc3+DSjhWGmxHDb482h52FO64eo2EmHuLoeOKCoUJIY0PS80xOJWFRSO2dNFxZdD1bV6XA==}

  '@girs/gjs@4.0.0-rc.15':
    resolution: {integrity: sha512-rATaKfEcIFnwgTBcAzu/khOmkHG2sAOxKFq7L8hN3/j7RrF3ehlMYczKXSM3SPN3tYj8XANJF8OBZ/eKkh8Olg==}

  '@girs/gl-1.0@1.0.0-4.0.0-rc.15':
    resolution: {integrity: sha512-u1m0hVaZhJyVJmMu40cX+n2vEwimBD7iSEb7r4wQsixlGdD3nqFdt3y8UmlAKmc4a8pfs+Cf6zdjFQ+gr2Rjcg==}

  '@girs/glib-2.0@2.80.3-4.0.0-beta.15':
    resolution: {integrity: sha512-v9UJ83i+zFnicPsjYhw54Q55DVQ6oqfmef4EKXvsfjKYZF7WiaUWVp/dGAIUzanR0FGbdme6myZRJvYZp9EHcA==}

  '@girs/glib-2.0@2.82.0-4.0.0-beta.16':
    resolution: {integrity: sha512-YZjsythyPhClrq0uEGq8rBJ8ER0iBPf3alr1kkSOt28tDG4tn0Rv2kudHEKsFenlFjzhYVOMrJSjVvsxtcqRUQ==}

  '@girs/glib-2.0@2.82.4-4.0.0-beta.20':
    resolution: {integrity: sha512-A2iRZH1Y8f7Ma+VgjiZb+9aVAy9XeD3J+68aEBIF9GylsjuFwCGTAVmIRkn/d+wsKqh4Ml87enKv2Dygk5PzRg==}

  '@girs/glib-2.0@2.84.0-4.0.0-beta.23':
    resolution: {integrity: sha512-epQae3f9rDeIrEgA9hOEiNAppJYQAfVRZ4Uh/0yO9NtAQR6PTfXUpjotw9ndjVxsHpEmRODoM2t/kytCYqKmVg==}

  '@girs/glib-2.0@2.86.4-4.0.0-beta.40':
    resolution: {integrity: sha512-DTvRmZlTVpYW+JI0zMN/dybhzoqJ/I3bx3txftSQgcxXl3mKnrSI6Qzv15VTyxQSpcnD3CBxpnfYT/+QrzU9QQ==}

  '@girs/glib-2.0@2.88.0-4.0.0-rc.15':
    resolution: {integrity: sha512-7XTGnWFPXSYMdMJVFgMsbNvXpQM48ZTPU3zMOKBGlWabjW2mX73xoGK7/D8ISpddqteC5QU5adohZXhuWI5qcA==}

  '@girs/gmodule-2.0@2.0.0-4.0.0-beta.40':
    resolution: {integrity: sha512-srPSbc/uespMNHR2o2Gg6OYeCprW42gADIXCujpMMWl5OfJzKU0mA+R8Z/D713tDq0xp1Lz2P7hprVznf1uF3A==}

  '@girs/gmodule-2.0@2.0.0-4.0.0-rc.15':
    resolution: {integrity: sha512-QCiFhcK04FbS83zuOcNpyD06D9VL5VMzWgLwbD3guipT3YTrpyiiioBDvMEnsPRBXE1fQTulfnLzaBQz480Hag==}

  '@girs/gnome-shell@46.0.2':
    resolution: {integrity: sha512-3200N6FZstRaDndKm2lDZ7ZeeutJoa+dm8pqU1J6a7PYL0H+JGZIDtarcBWCfMBnIvcFeT7y8vgdooe8X3y3KA==}

  '@girs/gnomebg-4.0@4.0.0-4.0.0-rc.15':
    resolution: {integrity: sha512-x413zsLpSGM8K1T+Iaq1CgboTOIPTwQKAINKyOUVR6NRmEPV/vEoTN155ijY3xJ8tfDrlReuQsPLTjpEQEX6Aw==}

  '@girs/gnomebluetooth-3.0@3.0.0-4.0.0-rc.15':
    resolution: {integrity: sha512-8zxl6hYftUlb3VthPtke8wfsoOI2xH4URs4niK9ooVVY5CCZfYBZ4h6nPG9iL1TwScyDYvaORl6AmBwJ4scs9Q==}

  '@girs/gnomedesktop-4.0@4.0.0-4.0.0-rc.15':
    resolution: {integrity: sha512-WmN0GY/2Pt6c0oncRB2wkyYawVLJmYioAneex1RhrMWE9Bt4xF3icdPG8LyML/y6RjJBY9kAiSRQXpAlp6OFCA==}

  '@girs/gobject-2.0@2.80.3-4.0.0-beta.15':
    resolution: {integrity: sha512-/t1B/aaEMEa/MCIeBc69RQBI+b0kdUyY27FWIPNoG8QOXB4DNe07O9N3p1w7+QDmqw8dkLJMFexfFwdQ+5LC9w==}

  '@girs/gobject-2.0@2.82.0-4.0.0-beta.16':
    resolution: {integrity: sha512-ziBHUMSVuoHlzhZrMvuJDSZPOR4HzRW+nk35aI3QW9TpHtIYTk6vWvY0EG0+ylzJlltT9C/kzoVvspyMulBZ5g==}

  '@girs/gobject-2.0@2.82.4-4.0.0-beta.20':
    resolution: {integrity: sha512-4Lpo7znbxz/1Gugw98/lfU5Avk6NUFzBAEOscuWIeYvrLO5+axMj2Ksm0ldldjTqdomihLfeaLesuObbe+0h1g==}

  '@girs/gobject-2.0@2.84.0-4.0.0-beta.23':
    resolution: {integrity: sha512-GNWQDLo+Nmq2FQNPljKKh4Zplp8vZwwr0hj1sf4lbJ36zbVsovrhfNozqaph0XNjv8vtHeTcXUocGQprM9FHCg==}

  '@girs/gobject-2.0@2.86.4-4.0.0-beta.40':
    resolution: {integrity: sha512-coS5607duUekhRfl2GDC9Gt3WcgAtTNEDL0efrRBBOuORjvBrIGiGJJXB9cX4jYQ7c9FITUMVLTd+a0MMRAaXA==}

  '@girs/gobject-2.0@2.88.0-4.0.0-rc.15':
    resolution: {integrity: sha512-VxseRg9u+YRanhCSpgHTm3NFlSDbD1CbG8Ah5VRZmgqIhGGj6SAgcGglqnahav5e8/NJmUrDN801ClFo69E5Kg==}

  '@girs/graphene-1.0@1.0.0-4.0.0-rc.15':
    resolution: {integrity: sha512-Nqdy0NnKRdn61HDqht5JWGbVTS/Oc2VVDrzvnLFHF9AagtULQ9dhvDl7DoOhP/PngsoZFwX2y4OteEOs45ZWCw==}

  '@girs/gsk-4.0@4.0.0-4.0.0-rc.15':
    resolution: {integrity: sha512-uqw+KCXNSw4RelqywbLI0l5fC1Ff72PqpTVCuS3S7rDXbL2LkClvI5N3DvBHfj29MGORzTYPo8I0VE7+poJ9oQ==}

  '@girs/gtk-4.0@4.14.4-4.0.0-beta.14':
    resolution: {integrity: sha512-5mUEWq7PBuxfGL//VEgRY2+1OwUm6ll6qW1yJ55skfVJWEyQo6TfGRhbortxtSgCx0yvZh3c0XLbgjYxuZ4SgQ==}

  '@girs/gtk-4.0@4.15.5-4.0.0-beta.16':
    resolution: {integrity: sha512-WRXMigOONl5BkVENUS+lOnUNZOcZE6BXO6OOJTUOfooPYtr2jJkzv/90ZmXvWtd8TGZTXbfxDnuTk1nShkiDRA==}

  '@girs/gtk-4.0@4.23.0-4.0.0-rc.15':
    resolution: {integrity: sha512-extSsa7YIzglPPUjNYoPyQyJIMflZbA/ORVtecPUXYRLB4mTwy8+CGvnXjD7FsQLnbGP/f1SrpuO14OQvqJ90Q==}

  '@girs/gvc-1.0@1.0.0-4.0.0-rc.15':
    resolution: {integrity: sha512-kmZ0avryZwB2MQbJVVKUGagx4vhtSML79UKCt2xvI4qqSsnEpK0j7RUH2dMcPI0a6tcGJFSyPq3UL0IiSWQPmA==}

  '@girs/harfbuzz-0.0@13.2.1-4.0.0-rc.15':
    resolution: {integrity: sha512-giX1l3cOc0bvdvbdoHAAVskF/xfSYySh5WajX4+Yq7mMYAeWhXzsiY15s6FNjoRiB8BIIWg4lT6uGPqlMREhhw==}

  '@girs/harfbuzz-0.0@8.5.0-4.0.0-beta.15':
    resolution: {integrity: sha512-GUVTmfWgNbc9EsoE9G8NuYBCLiIfj0BD07WfDKm2/vSJ7ZYEBNLnmva2pBj7JGqp565euEaTFf4aaGJAD5IN/g==}

  '@girs/harfbuzz-0.0@9.0.0-4.0.0-beta.23':
    resolution: {integrity: sha512-9uWYDEUhkyoClR4GHv69AMHRDtcNSwidtA8MG8c1rMDT5qWNWkwfQK5hwX8/oBCbL0LqJNeMfJByIQ3yLfgQGg==}

  '@girs/meta-14@14.0.0-4.0.0-rc.15':
    resolution: {integrity: sha512-Gf2oR8BdiX9Kd2PnAY46TuziiO+DzEatrgdaoH8N7nIvqYEiKVQEdxfqM1ZZuTYODUkKpwhVuEopVHSzZbC+Og==}

  '@girs/mtk-14@14.0.0-4.0.0-rc.15':
    resolution: {integrity: sha512-4ubhhSYWOijx2L1fJqB/l/hEoa6o4ze7uJQ8hmCUfg5feEarizfcGhGmzUUE5UloYq6dGyR00xtdlCLQWOZYHA==}

  '@girs/nm-1.0@1.56.0-4.0.0-rc.15':
    resolution: {integrity: sha512-4AKshtP42nUzqNwhyLsoV1q+Sox+wyJvV9fiN8LH4vNigQiz1iVYUBYOSw4mZ/QAo+/RHgOGt4HixMVyw10ZTg==}

  '@girs/pango-1.0@1.54.0-4.0.0-beta.20':
    resolution: {integrity: sha512-OrJ1syhT+18H6Y455IT54WI3E/CCRrPCAben5ygmlpappkfNz4voVCofVegBk0zGutXgbORtkYm3+0Wt1IuGHg==}

  '@girs/pango-1.0@1.57.1-4.0.0-rc.15':
    resolution: {integrity: sha512-8a42I+2JQV20enK2zgJq++9AqAgPoXagikhEYH2hnLenG2kdYCImTsBQ2FxVdGmLS89+Qohg92tMR64VtJIo8Q==}

  '@girs/pangocairo-1.0@1.0.0-4.0.0-rc.15':
    resolution: {integrity: sha512-tDRLVAV3ZJBzGOER7csNezXkeoYPVlaALKZ+7UiaVQ+VMYIDl2gtpOg7FVHl5dVmWgwPlpdM/RvSbiIXgEmb4Q==}

  '@girs/polkit-1.0@1.0.0-4.0.0-rc.15':
    resolution: {integrity: sha512-1oC5DTa7IrQAAX+VUUDJbop140DyhHdz6DBfLNcCpbbaEsj4TqqZb4vs84rh/v33zIQ8BOb8R44t2hvd7w+lnQ==}

  '@girs/polkitagent-1.0@1.0.0-4.0.0-rc.15':
    resolution: {integrity: sha512-9SPEzDDdU8HdWhsa1kfLtFDrwKBTX6cV+fSUm9nMYL5S0QK4e6gEffYkupYMyIdAEUEgt2+7pRvwZ7DMdwRxLw==}

  '@girs/shell-14@14.0.0-4.0.0-rc.15':
    resolution: {integrity: sha512-IR3lUn/HbBEyxC9jrqgYT5PZskZp7k3t2HxUTlF2i6wXBui93AS/roA1jBM6LDfwIKLeA68P2hhAxad0pZGU4w==}

  '@girs/shew-0@0.0.0-4.0.0-rc.15':
    resolution: {integrity: sha512-rndWLcQXkyHE6ILydSEW+jTfYV3PZnjR6M8xLwTvEWKI/xMc21pUDzH/92JhxBWbN0xV+W4V7Z+GgXaNbUa3Iw==}

  '@girs/st-14@14.0.0-4.0.0-rc.15':
    resolution: {integrity: sha512-7Rxk879dZFbjwCmdg6cwuXDEd0GRYdOj7A2EQJyKUCxlbrO4aTL278daTBkKz3SRL3P2/zO4kjne30PmYHbUiw==}

  '@girs/upowerglib-1.0@0.99.1-4.0.0-beta.40':
    resolution: {integrity: sha512-J4+XAEIg1ZsGOId49KcIpAW/8ARzBudbSbFyO4FVCavA+1YZC5ENfbL+QEP4w2T1BkRSvdtIM2161zB4nL1prQ==}

  '@girs/xfixes-4.0@4.0.0-4.0.0-rc.15':
    resolution: {integrity: sha512-04Fd+YzfQvfzuzpjJwzs9cRjaE8DgiiMmv3oOr32s4URqtPydH9WvjEhL3HNLbVdrXm3EWXgphVlBpqtTxoejg==}

  '@girs/xlib-2.0@2.0.0-4.0.0-rc.15':
    resolution: {integrity: sha512-xtb0QCs1qeURg5XqcSGFGLg52doBK5Mu0bUF5uuhMpgNVtqyPXzKZWTz+PtyZJKWiVC1a1qZ/ExBurnGOE1Oow==}

  '@tsconfig/strictest@2.0.8':
    resolution: {integrity: sha512-XnQ7vNz5HRN0r88GYf1J9JJjqtZPiHt2woGJOo2dYqyHGGcd6OLGqSlBB6p1j9mpzja6Oe5BoPqWmeDx6X9rLw==}

  typescript@5.9.3:
    resolution: {integrity: sha512-jl1vZzPDinLr9eUt3J/t7V6FgNEw9QjvBPdysz9KfQDD41fQrC2Y4vKQdiaUpFT4bXlb1RHhLpp8wtm6M5TgSw==}
    engines: {node: '>=14.17'}
    hasBin: true

snapshots:

  '@girs/accountsservice-1.0@1.0.0-4.0.0-rc.15':
    dependencies:
      '@girs/gio-2.0': 2.88.0-4.0.0-rc.15
      '@girs/gjs': 4.0.0-rc.15
      '@girs/glib-2.0': 2.88.0-4.0.0-rc.15
      '@girs/gmodule-2.0': 2.0.0-4.0.0-rc.15
      '@girs/gobject-2.0': 2.88.0-4.0.0-rc.15

  '@girs/adw-1@1.6.0-4.0.0-beta.16':
    dependencies:
      '@girs/cairo-1.0': 1.0.0-4.0.0-rc.15
      '@girs/freetype2-2.0': 2.0.0-4.0.0-rc.15
      '@girs/gdk-4.0': 4.0.0-4.0.0-rc.15
      '@girs/gdkpixbuf-2.0': 2.0.0-4.0.0-rc.15
      '@girs/gio-2.0': 2.82.0-4.0.0-beta.16
      '@girs/gjs': 4.0.0-rc.15
      '@girs/glib-2.0': 2.82.0-4.0.0-beta.16
      '@girs/gmodule-2.0': 2.0.0-4.0.0-rc.15
      '@girs/gobject-2.0': 2.82.0-4.0.0-beta.16
      '@girs/graphene-1.0': 1.0.0-4.0.0-rc.15
      '@girs/gsk-4.0': 4.0.0-4.0.0-rc.15
      '@girs/gtk-4.0': 4.15.5-4.0.0-beta.16
      '@girs/harfbuzz-0.0': 9.0.0-4.0.0-beta.23
      '@girs/pango-1.0': 1.54.0-4.0.0-beta.20
      '@girs/pangocairo-1.0': 1.0.0-4.0.0-rc.15

  '@girs/atk-1.0@2.52.0-4.0.0-beta.15':
    dependencies:
      '@girs/gjs': 4.0.0-rc.15
      '@girs/glib-2.0': 2.80.3-4.0.0-beta.15
      '@girs/gobject-2.0': 2.80.3-4.0.0-beta.15

  '@girs/atk-1.0@2.60.0-4.0.0-rc.15':
    dependencies:
      '@girs/gjs': 4.0.0-rc.15
      '@girs/glib-2.0': 2.88.0-4.0.0-rc.15
      '@girs/gobject-2.0': 2.88.0-4.0.0-rc.15

  '@girs/cairo-1.0@1.0.0-4.0.0-beta.40':
    dependencies:
      '@girs/gjs': 4.0.0-beta.40
      '@girs/glib-2.0': 2.86.4-4.0.0-beta.40
      '@girs/gobject-2.0': 2.86.4-4.0.0-beta.40

  '@girs/cairo-1.0@1.0.0-4.0.0-rc.15':
    dependencies:
      '@girs/gjs': 4.0.0-rc.15
      '@girs/glib-2.0': 2.88.0-4.0.0-rc.15
      '@girs/gobject-2.0': 2.88.0-4.0.0-rc.15

  '@girs/cally-14@14.0.0-4.0.0-rc.15':
    dependencies:
      '@girs/atk-1.0': 2.60.0-4.0.0-rc.15
      '@girs/cairo-1.0': 1.0.0-4.0.0-rc.15
      '@girs/clutter-14': 14.0.0-4.0.0-rc.15
      '@girs/cogl-14': 14.0.0-4.0.0-rc.15
      '@girs/coglpango-14': 14.0.0-4.0.0-rc.15
      '@girs/freetype2-2.0': 2.0.0-4.0.0-rc.15
      '@girs/gio-2.0': 2.88.0-4.0.0-rc.15
      '@girs/gjs': 4.0.0-rc.15
      '@girs/gl-1.0': 1.0.0-4.0.0-rc.15
      '@girs/glib-2.0': 2.88.0-4.0.0-rc.15
      '@girs/gmodule-2.0': 2.0.0-4.0.0-rc.15
      '@girs/gobject-2.0': 2.88.0-4.0.0-rc.15
      '@girs/graphene-1.0': 1.0.0-4.0.0-rc.15
      '@girs/harfbuzz-0.0': 13.2.1-4.0.0-rc.15
      '@girs/mtk-14': 14.0.0-4.0.0-rc.15
      '@girs/pango-1.0': 1.57.1-4.0.0-rc.15
      '@girs/pangocairo-1.0': 1.0.0-4.0.0-rc.15
      '@girs/xlib-2.0': 2.0.0-4.0.0-rc.15

  '@girs/clutter-14@14.0.0-4.0.0-rc.15':
    dependencies:
      '@girs/atk-1.0': 2.60.0-4.0.0-rc.15
      '@girs/cairo-1.0': 1.0.0-4.0.0-rc.15
      '@girs/cogl-14': 14.0.0-4.0.0-rc.15
      '@girs/coglpango-14': 14.0.0-4.0.0-rc.15
      '@girs/freetype2-2.0': 2.0.0-4.0.0-rc.15
      '@girs/gio-2.0': 2.88.0-4.0.0-rc.15
      '@girs/gjs': 4.0.0-rc.15
      '@girs/gl-1.0': 1.0.0-4.0.0-rc.15
      '@girs/glib-2.0': 2.88.0-4.0.0-rc.15
      '@girs/gmodule-2.0': 2.0.0-4.0.0-rc.15
      '@girs/gobject-2.0': 2.88.0-4.0.0-rc.15
      '@girs/graphene-1.0': 1.0.0-4.0.0-rc.15
      '@girs/harfbuzz-0.0': 13.2.1-4.0.0-rc.15
      '@girs/mtk-14': 14.0.0-4.0.0-rc.15
      '@girs/pango-1.0': 1.57.1-4.0.0-rc.15
      '@girs/pangocairo-1.0': 1.0.0-4.0.0-rc.15
      '@girs/xlib-2.0': 2.0.0-4.0.0-rc.15

  '@girs/cogl-14@14.0.0-4.0.0-rc.15':
    dependencies:
      '@girs/gjs': 4.0.0-rc.15
      '@girs/gl-1.0': 1.0.0-4.0.0-rc.15
      '@girs/glib-2.0': 2.88.0-4.0.0-rc.15
      '@girs/gobject-2.0': 2.88.0-4.0.0-rc.15
      '@girs/graphene-1.0': 1.0.0-4.0.0-rc.15
      '@girs/mtk-14': 14.0.0-4.0.0-rc.15
      '@girs/xlib-2.0': 2.0.0-4.0.0-rc.15

  '@girs/cogl-2.0@2.0.0-4.0.0-rc.15':
    dependencies:
      '@girs/gjs': 4.0.0-rc.15
      '@girs/gl-1.0': 1.0.0-4.0.0-rc.15
      '@girs/glib-2.0': 2.88.0-4.0.0-rc.15
      '@girs/gobject-2.0': 2.88.0-4.0.0-rc.15

  '@girs/coglpango-14@14.0.0-4.0.0-rc.15':
    dependencies:
      '@girs/cairo-1.0': 1.0.0-4.0.0-rc.15
      '@girs/cogl-14': 14.0.0-4.0.0-rc.15
      '@girs/freetype2-2.0': 2.0.0-4.0.0-rc.15
      '@girs/gio-2.0': 2.88.0-4.0.0-rc.15
      '@girs/gjs': 4.0.0-rc.15
      '@girs/gl-1.0': 1.0.0-4.0.0-rc.15
      '@girs/glib-2.0': 2.88.0-4.0.0-rc.15
      '@girs/gmodule-2.0': 2.0.0-4.0.0-rc.15
      '@girs/gobject-2.0': 2.88.0-4.0.0-rc.15
      '@girs/graphene-1.0': 1.0.0-4.0.0-rc.15
      '@girs/harfbuzz-0.0': 13.2.1-4.0.0-rc.15
      '@girs/mtk-14': 14.0.0-4.0.0-rc.15
      '@girs/pango-1.0': 1.57.1-4.0.0-rc.15
      '@girs/pangocairo-1.0': 1.0.0-4.0.0-rc.15
      '@girs/xlib-2.0': 2.0.0-4.0.0-rc.15

  '@girs/freetype2-2.0@2.0.0-4.0.0-rc.15':
    dependencies:
      '@girs/gjs': 4.0.0-rc.15
      '@girs/gobject-2.0': 2.88.0-4.0.0-rc.15

  '@girs/gck-2@4.3.0-4.0.0-beta.20':
    dependencies:
      '@girs/gio-2.0': 2.82.4-4.0.0-beta.20
      '@girs/gjs': 4.0.0-rc.15
      '@girs/glib-2.0': 2.82.4-4.0.0-beta.20
      '@girs/gobject-2.0': 2.82.4-4.0.0-beta.20

  '@girs/gck-2@4.4.0-4.0.0-rc.15':
    dependencies:
      '@girs/gio-2.0': 2.88.0-4.0.0-rc.15
      '@girs/gjs': 4.0.0-rc.15
      '@girs/glib-2.0': 2.88.0-4.0.0-rc.15
      '@girs/gmodule-2.0': 2.0.0-4.0.0-rc.15
      '@girs/gobject-2.0': 2.88.0-4.0.0-rc.15

  '@girs/gcr-4@4.3.0-4.0.0-beta.20':
    dependencies:
      '@girs/gck-2': 4.3.0-4.0.0-beta.20
      '@girs/gio-2.0': 2.82.4-4.0.0-beta.20
      '@girs/gjs': 4.0.0-rc.15
      '@girs/glib-2.0': 2.82.4-4.0.0-beta.20
      '@girs/gobject-2.0': 2.82.4-4.0.0-beta.20

  '@girs/gcr-4@4.4.0-4.0.0-rc.15':
    dependencies:
      '@girs/gck-2': 4.4.0-4.0.0-rc.15
      '@girs/gio-2.0': 2.88.0-4.0.0-rc.15
      '@girs/gjs': 4.0.0-rc.15
      '@girs/glib-2.0': 2.88.0-4.0.0-rc.15
      '@girs/gmodule-2.0': 2.0.0-4.0.0-rc.15
      '@girs/gobject-2.0': 2.88.0-4.0.0-rc.15

  '@girs/gdesktopenums-3.0@3.0.0-4.0.0-rc.15':
    dependencies:
      '@girs/gjs': 4.0.0-rc.15
      '@girs/gobject-2.0': 2.88.0-4.0.0-rc.15

  '@girs/gdk-4.0@4.0.0-4.0.0-rc.15':
    dependencies:
      '@girs/cairo-1.0': 1.0.0-4.0.0-rc.15
      '@girs/freetype2-2.0': 2.0.0-4.0.0-rc.15
      '@girs/gdkpixbuf-2.0': 2.0.0-4.0.0-rc.15
      '@girs/gio-2.0': 2.88.0-4.0.0-rc.15
      '@girs/gjs': 4.0.0-rc.15
      '@girs/glib-2.0': 2.88.0-4.0.0-rc.15
      '@girs/gmodule-2.0': 2.0.0-4.0.0-rc.15
      '@girs/gobject-2.0': 2.88.0-4.0.0-rc.15
      '@girs/harfbuzz-0.0': 13.2.1-4.0.0-rc.15
      '@girs/pango-1.0': 1.57.1-4.0.0-rc.15
      '@girs/pangocairo-1.0': 1.0.0-4.0.0-rc.15

  '@girs/gdkpixbuf-2.0@2.0.0-4.0.0-rc.15':
    dependencies:
      '@girs/gio-2.0': 2.88.0-4.0.0-rc.15
      '@girs/gjs': 4.0.0-rc.15
      '@girs/glib-2.0': 2.88.0-4.0.0-rc.15
      '@girs/gmodule-2.0': 2.0.0-4.0.0-rc.15
      '@girs/gobject-2.0': 2.88.0-4.0.0-rc.15

  '@girs/gdm-1.0@1.0.0-4.0.0-rc.15':
    dependencies:
      '@girs/gio-2.0': 2.88.0-4.0.0-rc.15
      '@girs/gjs': 4.0.0-rc.15
      '@girs/glib-2.0': 2.88.0-4.0.0-rc.15
      '@girs/gmodule-2.0': 2.0.0-4.0.0-rc.15
      '@girs/gobject-2.0': 2.88.0-4.0.0-rc.15

  '@girs/gio-2.0@2.80.3-4.0.0-beta.15':
    dependencies:
      '@girs/gjs': 4.0.0-rc.15
      '@girs/glib-2.0': 2.80.3-4.0.0-beta.15
      '@girs/gobject-2.0': 2.80.3-4.0.0-beta.15

  '@girs/gio-2.0@2.82.0-4.0.0-beta.16':
    dependencies:
      '@girs/gjs': 4.0.0-rc.15
      '@girs/glib-2.0': 2.82.0-4.0.0-beta.16
      '@girs/gmodule-2.0': 2.0.0-4.0.0-rc.15
      '@girs/gobject-2.0': 2.82.0-4.0.0-beta.16

  '@girs/gio-2.0@2.82.4-4.0.0-beta.20':
    dependencies:
      '@girs/gjs': 4.0.0-rc.15
      '@girs/glib-2.0': 2.82.4-4.0.0-beta.20
      '@girs/gobject-2.0': 2.82.4-4.0.0-beta.20

  '@girs/gio-2.0@2.86.4-4.0.0-beta.40':
    dependencies:
      '@girs/gjs': 4.0.0-beta.40
      '@girs/glib-2.0': 2.86.4-4.0.0-beta.40
      '@girs/gmodule-2.0': 2.0.0-4.0.0-beta.40
      '@girs/gobject-2.0': 2.86.4-4.0.0-beta.40

  '@girs/gio-2.0@2.88.0-4.0.0-rc.15':
    dependencies:
      '@girs/gjs': 4.0.0-rc.15
      '@girs/glib-2.0': 2.88.0-4.0.0-rc.15
      '@girs/gmodule-2.0': 2.0.0-4.0.0-rc.15
      '@girs/gobject-2.0': 2.88.0-4.0.0-rc.15

  '@girs/gjs@4.0.0-beta.40':
    dependencies:
      '@girs/cairo-1.0': 1.0.0-4.0.0-beta.40
      '@girs/gio-2.0': 2.86.4-4.0.0-beta.40
      '@girs/glib-2.0': 2.86.4-4.0.0-beta.40
      '@girs/gobject-2.0': 2.86.4-4.0.0-beta.40

  '@girs/gjs@4.0.0-rc.15':
    dependencies:
      '@girs/cairo-1.0': 1.0.0-4.0.0-rc.15
      '@girs/gio-2.0': 2.88.0-4.0.0-rc.15
      '@girs/glib-2.0': 2.88.0-4.0.0-rc.15
      '@girs/gobject-2.0': 2.88.0-4.0.0-rc.15

  '@girs/gl-1.0@1.0.0-4.0.0-rc.15':
    dependencies:
      '@girs/gjs': 4.0.0-rc.15
      '@girs/gobject-2.0': 2.88.0-4.0.0-rc.15

  '@girs/glib-2.0@2.80.3-4.0.0-beta.15':
    dependencies:
      '@girs/gjs': 4.0.0-rc.15
      '@girs/gobject-2.0': 2.80.3-4.0.0-beta.15

  '@girs/glib-2.0@2.82.0-4.0.0-beta.16':
    dependencies:
      '@girs/gjs': 4.0.0-rc.15
      '@girs/gobject-2.0': 2.82.0-4.0.0-beta.16

  '@girs/glib-2.0@2.82.4-4.0.0-beta.20':
    dependencies:
      '@girs/gjs': 4.0.0-rc.15
      '@girs/gobject-2.0': 2.82.4-4.0.0-beta.20

  '@girs/glib-2.0@2.84.0-4.0.0-beta.23':
    dependencies:
      '@girs/gjs': 4.0.0-rc.15
      '@girs/gobject-2.0': 2.84.0-4.0.0-beta.23

  '@girs/glib-2.0@2.86.4-4.0.0-beta.40':
    dependencies:
      '@girs/gjs': 4.0.0-beta.40
      '@girs/gobject-2.0': 2.86.4-4.0.0-beta.40

  '@girs/glib-2.0@2.88.0-4.0.0-rc.15':
    dependencies:
      '@girs/gjs': 4.0.0-rc.15
      '@girs/gobject-2.0': 2.88.0-4.0.0-rc.15

  '@girs/gmodule-2.0@2.0.0-4.0.0-beta.40':
    dependencies:
      '@girs/gjs': 4.0.0-beta.40
      '@girs/glib-2.0': 2.86.4-4.0.0-beta.40
      '@girs/gobject-2.0': 2.86.4-4.0.0-beta.40

  '@girs/gmodule-2.0@2.0.0-4.0.0-rc.15':
    dependencies:
      '@girs/gjs': 4.0.0-rc.15
      '@girs/glib-2.0': 2.88.0-4.0.0-rc.15
      '@girs/gobject-2.0': 2.88.0-4.0.0-rc.15

  '@girs/gnome-shell@46.0.2':
    dependencies:
      '@girs/accountsservice-1.0': 1.0.0-4.0.0-rc.15
      '@girs/adw-1': 1.6.0-4.0.0-beta.16
      '@girs/atk-1.0': 2.52.0-4.0.0-beta.15
      '@girs/cally-14': 14.0.0-4.0.0-rc.15
      '@girs/clutter-14': 14.0.0-4.0.0-rc.15
      '@girs/cogl-2.0': 2.0.0-4.0.0-rc.15
      '@girs/gcr-4': 4.3.0-4.0.0-beta.20
      '@girs/gdm-1.0': 1.0.0-4.0.0-rc.15
      '@girs/gio-2.0': 2.80.3-4.0.0-beta.15
      '@girs/gjs': 4.0.0-rc.15
      '@girs/glib-2.0': 2.80.3-4.0.0-beta.15
      '@girs/gnomebg-4.0': 4.0.0-4.0.0-rc.15
      '@girs/gnomebluetooth-3.0': 3.0.0-4.0.0-rc.15
      '@girs/gnomedesktop-4.0': 4.0.0-4.0.0-rc.15
      '@girs/gobject-2.0': 2.80.3-4.0.0-beta.15
      '@girs/gtk-4.0': 4.14.4-4.0.0-beta.14
      '@girs/gvc-1.0': 1.0.0-4.0.0-rc.15
      '@girs/meta-14': 14.0.0-4.0.0-rc.15
      '@girs/mtk-14': 14.0.0-4.0.0-rc.15
      '@girs/polkit-1.0': 1.0.0-4.0.0-rc.15
      '@girs/shell-14': 14.0.0-4.0.0-rc.15
      '@girs/shew-0': 0.0.0-4.0.0-rc.15
      '@girs/st-14': 14.0.0-4.0.0-rc.15
      '@girs/upowerglib-1.0': 0.99.1-4.0.0-beta.40

  '@girs/gnomebg-4.0@4.0.0-4.0.0-rc.15':
    dependencies:
      '@girs/cairo-1.0': 1.0.0-4.0.0-rc.15
      '@girs/freetype2-2.0': 2.0.0-4.0.0-rc.15
      '@girs/gdesktopenums-3.0': 3.0.0-4.0.0-rc.15
      '@girs/gdk-4.0': 4.0.0-4.0.0-rc.15
      '@girs/gdkpixbuf-2.0': 2.0.0-4.0.0-rc.15
      '@girs/gio-2.0': 2.88.0-4.0.0-rc.15
      '@girs/gjs': 4.0.0-rc.15
      '@girs/glib-2.0': 2.88.0-4.0.0-rc.15
      '@girs/gmodule-2.0': 2.0.0-4.0.0-rc.15
      '@girs/gnomedesktop-4.0': 4.0.0-4.0.0-rc.15
      '@girs/gobject-2.0': 2.88.0-4.0.0-rc.15
      '@girs/harfbuzz-0.0': 13.2.1-4.0.0-rc.15
      '@girs/pango-1.0': 1.57.1-4.0.0-rc.15
      '@girs/pangocairo-1.0': 1.0.0-4.0.0-rc.15

  '@girs/gnomebluetooth-3.0@3.0.0-4.0.0-rc.15':
    dependencies:
      '@girs/gio-2.0': 2.88.0-4.0.0-rc.15
      '@girs/gjs': 4.0.0-rc.15
      '@girs/glib-2.0': 2.88.0-4.0.0-rc.15
      '@girs/gmodule-2.0': 2.0.0-4.0.0-rc.15
      '@girs/gobject-2.0': 2.88.0-4.0.0-rc.15

  '@girs/gnomedesktop-4.0@4.0.0-4.0.0-rc.15':
    dependencies:
      '@girs/gdesktopenums-3.0': 3.0.0-4.0.0-rc.15
      '@girs/gdkpixbuf-2.0': 2.0.0-4.0.0-rc.15
      '@girs/gio-2.0': 2.88.0-4.0.0-rc.15
      '@girs/gjs': 4.0.0-rc.15
      '@girs/glib-2.0': 2.88.0-4.0.0-rc.15
      '@girs/gmodule-2.0': 2.0.0-4.0.0-rc.15
      '@girs/gobject-2.0': 2.88.0-4.0.0-rc.15

  '@girs/gobject-2.0@2.80.3-4.0.0-beta.15':
    dependencies:
      '@girs/gjs': 4.0.0-rc.15
      '@girs/glib-2.0': 2.80.3-4.0.0-beta.15

  '@girs/gobject-2.0@2.82.0-4.0.0-beta.16':
    dependencies:
      '@girs/gjs': 4.0.0-rc.15
      '@girs/glib-2.0': 2.82.0-4.0.0-beta.16

  '@girs/gobject-2.0@2.82.4-4.0.0-beta.20':
    dependencies:
      '@girs/gjs': 4.0.0-rc.15
      '@girs/glib-2.0': 2.82.4-4.0.0-beta.20

  '@girs/gobject-2.0@2.84.0-4.0.0-beta.23':
    dependencies:
      '@girs/gjs': 4.0.0-rc.15
      '@girs/glib-2.0': 2.84.0-4.0.0-beta.23

  '@girs/gobject-2.0@2.86.4-4.0.0-beta.40':
    dependencies:
      '@girs/gjs': 4.0.0-beta.40
      '@girs/glib-2.0': 2.86.4-4.0.0-beta.40

  '@girs/gobject-2.0@2.88.0-4.0.0-rc.15':
    dependencies:
      '@girs/gjs': 4.0.0-rc.15
      '@girs/glib-2.0': 2.88.0-4.0.0-rc.15

  '@girs/graphene-1.0@1.0.0-4.0.0-rc.15':
    dependencies:
      '@girs/gjs': 4.0.0-rc.15
      '@girs/glib-2.0': 2.88.0-4.0.0-rc.15
      '@girs/gobject-2.0': 2.88.0-4.0.0-rc.15

  '@girs/gsk-4.0@4.0.0-4.0.0-rc.15':
    dependencies:
      '@girs/cairo-1.0': 1.0.0-4.0.0-rc.15
      '@girs/freetype2-2.0': 2.0.0-4.0.0-rc.15
      '@girs/gdk-4.0': 4.0.0-4.0.0-rc.15
      '@girs/gdkpixbuf-2.0': 2.0.0-4.0.0-rc.15
      '@girs/gio-2.0': 2.88.0-4.0.0-rc.15
      '@girs/gjs': 4.0.0-rc.15
      '@girs/glib-2.0': 2.88.0-4.0.0-rc.15
      '@girs/gmodule-2.0': 2.0.0-4.0.0-rc.15
      '@girs/gobject-2.0': 2.88.0-4.0.0-rc.15
      '@girs/graphene-1.0': 1.0.0-4.0.0-rc.15
      '@girs/harfbuzz-0.0': 13.2.1-4.0.0-rc.15
      '@girs/pango-1.0': 1.57.1-4.0.0-rc.15
      '@girs/pangocairo-1.0': 1.0.0-4.0.0-rc.15

  '@girs/gtk-4.0@4.14.4-4.0.0-beta.14':
    dependencies:
      '@girs/cairo-1.0': 1.0.0-4.0.0-rc.15
      '@girs/freetype2-2.0': 2.0.0-4.0.0-rc.15
      '@girs/gdk-4.0': 4.0.0-4.0.0-rc.15
      '@girs/gdkpixbuf-2.0': 2.0.0-4.0.0-rc.15
      '@girs/gio-2.0': 2.80.3-4.0.0-beta.15
      '@girs/gjs': 4.0.0-rc.15
      '@girs/glib-2.0': 2.80.3-4.0.0-beta.15
      '@girs/gmodule-2.0': 2.0.0-4.0.0-rc.15
      '@girs/gobject-2.0': 2.80.3-4.0.0-beta.15
      '@girs/graphene-1.0': 1.0.0-4.0.0-rc.15
      '@girs/gsk-4.0': 4.0.0-4.0.0-rc.15
      '@girs/harfbuzz-0.0': 8.5.0-4.0.0-beta.15
      '@girs/pango-1.0': 1.54.0-4.0.0-beta.20
      '@girs/pangocairo-1.0': 1.0.0-4.0.0-rc.15

  '@girs/gtk-4.0@4.15.5-4.0.0-beta.16':
    dependencies:
      '@girs/cairo-1.0': 1.0.0-4.0.0-rc.15
      '@girs/freetype2-2.0': 2.0.0-4.0.0-rc.15
      '@girs/gdk-4.0': 4.0.0-4.0.0-rc.15
      '@girs/gdkpixbuf-2.0': 2.0.0-4.0.0-rc.15
      '@girs/gio-2.0': 2.82.0-4.0.0-beta.16
      '@girs/gjs': 4.0.0-rc.15
      '@girs/glib-2.0': 2.82.0-4.0.0-beta.16
      '@girs/gmodule-2.0': 2.0.0-4.0.0-rc.15
      '@girs/gobject-2.0': 2.82.0-4.0.0-beta.16
      '@girs/graphene-1.0': 1.0.0-4.0.0-rc.15
      '@girs/gsk-4.0': 4.0.0-4.0.0-rc.15
      '@girs/harfbuzz-0.0': 9.0.0-4.0.0-beta.23
      '@girs/pango-1.0': 1.54.0-4.0.0-beta.20
      '@girs/pangocairo-1.0': 1.0.0-4.0.0-rc.15

  '@girs/gtk-4.0@4.23.0-4.0.0-rc.15':
    dependencies:
      '@girs/cairo-1.0': 1.0.0-4.0.0-rc.15
      '@girs/freetype2-2.0': 2.0.0-4.0.0-rc.15
      '@girs/gdk-4.0': 4.0.0-4.0.0-rc.15
      '@girs/gdkpixbuf-2.0': 2.0.0-4.0.0-rc.15
      '@girs/gio-2.0': 2.88.0-4.0.0-rc.15
      '@girs/gjs': 4.0.0-rc.15
      '@girs/glib-2.0': 2.88.0-4.0.0-rc.15
      '@girs/gmodule-2.0': 2.0.0-4.0.0-rc.15
      '@girs/gobject-2.0': 2.88.0-4.0.0-rc.15
      '@girs/graphene-1.0': 1.0.0-4.0.0-rc.15
      '@girs/gsk-4.0': 4.0.0-4.0.0-rc.15
      '@girs/harfbuzz-0.0': 13.2.1-4.0.0-rc.15
      '@girs/pango-1.0': 1.57.1-4.0.0-rc.15
      '@girs/pangocairo-1.0': 1.0.0-4.0.0-rc.15

  '@girs/gvc-1.0@1.0.0-4.0.0-rc.15':
    dependencies:
      '@girs/gio-2.0': 2.88.0-4.0.0-rc.15
      '@girs/gjs': 4.0.0-rc.15
      '@girs/glib-2.0': 2.88.0-4.0.0-rc.15
      '@girs/gmodule-2.0': 2.0.0-4.0.0-rc.15
      '@girs/gobject-2.0': 2.88.0-4.0.0-rc.15

  '@girs/harfbuzz-0.0@13.2.1-4.0.0-rc.15':
    dependencies:
      '@girs/freetype2-2.0': 2.0.0-4.0.0-rc.15
      '@girs/gjs': 4.0.0-rc.15
      '@girs/glib-2.0': 2.88.0-4.0.0-rc.15
      '@girs/gobject-2.0': 2.88.0-4.0.0-rc.15

  '@girs/harfbuzz-0.0@8.5.0-4.0.0-beta.15':
    dependencies:
      '@girs/freetype2-2.0': 2.0.0-4.0.0-rc.15
      '@girs/gjs': 4.0.0-rc.15
      '@girs/glib-2.0': 2.80.3-4.0.0-beta.15
      '@girs/gobject-2.0': 2.80.3-4.0.0-beta.15

  '@girs/harfbuzz-0.0@9.0.0-4.0.0-beta.23':
    dependencies:
      '@girs/freetype2-2.0': 2.0.0-4.0.0-rc.15
      '@girs/gjs': 4.0.0-rc.15
      '@girs/glib-2.0': 2.84.0-4.0.0-beta.23
      '@girs/gobject-2.0': 2.84.0-4.0.0-beta.23

  '@girs/meta-14@14.0.0-4.0.0-rc.15':
    dependencies:
      '@girs/atk-1.0': 2.60.0-4.0.0-rc.15
      '@girs/cairo-1.0': 1.0.0-4.0.0-rc.15
      '@girs/clutter-14': 14.0.0-4.0.0-rc.15
      '@girs/cogl-14': 14.0.0-4.0.0-rc.15
      '@girs/coglpango-14': 14.0.0-4.0.0-rc.15
      '@girs/freetype2-2.0': 2.0.0-4.0.0-rc.15
      '@girs/gdesktopenums-3.0': 3.0.0-4.0.0-rc.15
      '@girs/gio-2.0': 2.88.0-4.0.0-rc.15
      '@girs/gjs': 4.0.0-rc.15
      '@girs/gl-1.0': 1.0.0-4.0.0-rc.15
      '@girs/glib-2.0': 2.88.0-4.0.0-rc.15
      '@girs/gmodule-2.0': 2.0.0-4.0.0-rc.15
      '@girs/gobject-2.0': 2.88.0-4.0.0-rc.15
      '@girs/graphene-1.0': 1.0.0-4.0.0-rc.15
      '@girs/harfbuzz-0.0': 13.2.1-4.0.0-rc.15
      '@girs/mtk-14': 14.0.0-4.0.0-rc.15
      '@girs/pango-1.0': 1.57.1-4.0.0-rc.15
      '@girs/pangocairo-1.0': 1.0.0-4.0.0-rc.15
      '@girs/xfixes-4.0': 4.0.0-4.0.0-rc.15
      '@girs/xlib-2.0': 2.0.0-4.0.0-rc.15

  '@girs/mtk-14@14.0.0-4.0.0-rc.15':
    dependencies:
      '@girs/gjs': 4.0.0-rc.15
      '@girs/glib-2.0': 2.88.0-4.0.0-rc.15
      '@girs/gobject-2.0': 2.88.0-4.0.0-rc.15
      '@girs/graphene-1.0': 1.0.0-4.0.0-rc.15

  '@girs/nm-1.0@1.56.0-4.0.0-rc.15':
    dependencies:
      '@girs/gio-2.0': 2.88.0-4.0.0-rc.15
      '@girs/gjs': 4.0.0-rc.15
      '@girs/glib-2.0': 2.88.0-4.0.0-rc.15
      '@girs/gmodule-2.0': 2.0.0-4.0.0-rc.15
      '@girs/gobject-2.0': 2.88.0-4.0.0-rc.15

  '@girs/pango-1.0@1.54.0-4.0.0-beta.20':
    dependencies:
      '@girs/cairo-1.0': 1.0.0-4.0.0-rc.15
      '@girs/freetype2-2.0': 2.0.0-4.0.0-rc.15
      '@girs/gio-2.0': 2.82.4-4.0.0-beta.20
      '@girs/gjs': 4.0.0-rc.15
      '@girs/glib-2.0': 2.82.4-4.0.0-beta.20
      '@girs/gobject-2.0': 2.82.4-4.0.0-beta.20
      '@girs/harfbuzz-0.0': 9.0.0-4.0.0-beta.23

  '@girs/pango-1.0@1.57.1-4.0.0-rc.15':
    dependencies:
      '@girs/cairo-1.0': 1.0.0-4.0.0-rc.15
      '@girs/freetype2-2.0': 2.0.0-4.0.0-rc.15
      '@girs/gio-2.0': 2.88.0-4.0.0-rc.15
      '@girs/gjs': 4.0.0-rc.15
      '@girs/glib-2.0': 2.88.0-4.0.0-rc.15
      '@girs/gmodule-2.0': 2.0.0-4.0.0-rc.15
      '@girs/gobject-2.0': 2.88.0-4.0.0-rc.15
      '@girs/harfbuzz-0.0': 13.2.1-4.0.0-rc.15

  '@girs/pangocairo-1.0@1.0.0-4.0.0-rc.15':
    dependencies:
      '@girs/cairo-1.0': 1.0.0-4.0.0-rc.15
      '@girs/freetype2-2.0': 2.0.0-4.0.0-rc.15
      '@girs/gio-2.0': 2.88.0-4.0.0-rc.15
      '@girs/gjs': 4.0.0-rc.15
      '@girs/glib-2.0': 2.88.0-4.0.0-rc.15
      '@girs/gmodule-2.0': 2.0.0-4.0.0-rc.15
      '@girs/gobject-2.0': 2.88.0-4.0.0-rc.15
      '@girs/harfbuzz-0.0': 13.2.1-4.0.0-rc.15
      '@girs/pango-1.0': 1.57.1-4.0.0-rc.15

  '@girs/polkit-1.0@1.0.0-4.0.0-rc.15':
    dependencies:
      '@girs/gio-2.0': 2.88.0-4.0.0-rc.15
      '@girs/gjs': 4.0.0-rc.15
      '@girs/glib-2.0': 2.88.0-4.0.0-rc.15
      '@girs/gmodule-2.0': 2.0.0-4.0.0-rc.15
      '@girs/gobject-2.0': 2.88.0-4.0.0-rc.15

  '@girs/polkitagent-1.0@1.0.0-4.0.0-rc.15':
    dependencies:
      '@girs/gio-2.0': 2.88.0-4.0.0-rc.15
      '@girs/gjs': 4.0.0-rc.15
      '@girs/glib-2.0': 2.88.0-4.0.0-rc.15
      '@girs/gmodule-2.0': 2.0.0-4.0.0-rc.15
      '@girs/gobject-2.0': 2.88.0-4.0.0-rc.15
      '@girs/polkit-1.0': 1.0.0-4.0.0-rc.15

  '@girs/shell-14@14.0.0-4.0.0-rc.15':
    dependencies:
      '@girs/atk-1.0': 2.60.0-4.0.0-rc.15
      '@girs/cairo-1.0': 1.0.0-4.0.0-rc.15
      '@girs/cally-14': 14.0.0-4.0.0-rc.15
      '@girs/clutter-14': 14.0.0-4.0.0-rc.15
      '@girs/cogl-14': 14.0.0-4.0.0-rc.15
      '@girs/coglpango-14': 14.0.0-4.0.0-rc.15
      '@girs/freetype2-2.0': 2.0.0-4.0.0-rc.15
      '@girs/gck-2': 4.4.0-4.0.0-rc.15
      '@girs/gcr-4': 4.4.0-4.0.0-rc.15
      '@girs/gdesktopenums-3.0': 3.0.0-4.0.0-rc.15
      '@girs/gdkpixbuf-2.0': 2.0.0-4.0.0-rc.15
      '@girs/gio-2.0': 2.88.0-4.0.0-rc.15
      '@girs/gjs': 4.0.0-rc.15
      '@girs/gl-1.0': 1.0.0-4.0.0-rc.15
      '@girs/glib-2.0': 2.88.0-4.0.0-rc.15
      '@girs/gmodule-2.0': 2.0.0-4.0.0-rc.15
      '@girs/gobject-2.0': 2.88.0-4.0.0-rc.15
      '@girs/graphene-1.0': 1.0.0-4.0.0-rc.15
      '@girs/gvc-1.0': 1.0.0-4.0.0-rc.15
      '@girs/harfbuzz-0.0': 13.2.1-4.0.0-rc.15
      '@girs/meta-14': 14.0.0-4.0.0-rc.15
      '@girs/mtk-14': 14.0.0-4.0.0-rc.15
      '@girs/nm-1.0': 1.56.0-4.0.0-rc.15
      '@girs/pango-1.0': 1.57.1-4.0.0-rc.15
      '@girs/pangocairo-1.0': 1.0.0-4.0.0-rc.15
      '@girs/polkit-1.0': 1.0.0-4.0.0-rc.15
      '@girs/polkitagent-1.0': 1.0.0-4.0.0-rc.15
      '@girs/st-14': 14.0.0-4.0.0-rc.15
      '@girs/xfixes-4.0': 4.0.0-4.0.0-rc.15
      '@girs/xlib-2.0': 2.0.0-4.0.0-rc.15

  '@girs/shew-0@0.0.0-4.0.0-rc.15':
    dependencies:
      '@girs/cairo-1.0': 1.0.0-4.0.0-rc.15
      '@girs/freetype2-2.0': 2.0.0-4.0.0-rc.15
      '@girs/gdk-4.0': 4.0.0-4.0.0-rc.15
      '@girs/gdkpixbuf-2.0': 2.0.0-4.0.0-rc.15
      '@girs/gio-2.0': 2.88.0-4.0.0-rc.15
      '@girs/gjs': 4.0.0-rc.15
      '@girs/glib-2.0': 2.88.0-4.0.0-rc.15
      '@girs/gmodule-2.0': 2.0.0-4.0.0-rc.15
      '@girs/gobject-2.0': 2.88.0-4.0.0-rc.15
      '@girs/graphene-1.0': 1.0.0-4.0.0-rc.15
      '@girs/gsk-4.0': 4.0.0-4.0.0-rc.15
      '@girs/gtk-4.0': 4.23.0-4.0.0-rc.15
      '@girs/harfbuzz-0.0': 13.2.1-4.0.0-rc.15
      '@girs/pango-1.0': 1.57.1-4.0.0-rc.15
      '@girs/pangocairo-1.0': 1.0.0-4.0.0-rc.15

  '@girs/st-14@14.0.0-4.0.0-rc.15':
    dependencies:
      '@girs/atk-1.0': 2.60.0-4.0.0-rc.15
      '@girs/cairo-1.0': 1.0.0-4.0.0-rc.15
      '@girs/cally-14': 14.0.0-4.0.0-rc.15
      '@girs/clutter-14': 14.0.0-4.0.0-rc.15
      '@girs/cogl-14': 14.0.0-4.0.0-rc.15
      '@girs/coglpango-14': 14.0.0-4.0.0-rc.15
      '@girs/freetype2-2.0': 2.0.0-4.0.0-rc.15
      '@girs/gdesktopenums-3.0': 3.0.0-4.0.0-rc.15
      '@girs/gdkpixbuf-2.0': 2.0.0-4.0.0-rc.15
      '@girs/gio-2.0': 2.88.0-4.0.0-rc.15
      '@girs/gjs': 4.0.0-rc.15
      '@girs/gl-1.0': 1.0.0-4.0.0-rc.15
      '@girs/glib-2.0': 2.88.0-4.0.0-rc.15
      '@girs/gmodule-2.0': 2.0.0-4.0.0-rc.15
      '@girs/gobject-2.0': 2.88.0-4.0.0-rc.15
      '@girs/graphene-1.0': 1.0.0-4.0.0-rc.15
      '@girs/harfbuzz-0.0': 13.2.1-4.0.0-rc.15
      '@girs/meta-14': 14.0.0-4.0.0-rc.15
      '@girs/mtk-14': 14.0.0-4.0.0-rc.15
      '@girs/pango-1.0': 1.57.1-4.0.0-rc.15
      '@girs/pangocairo-1.0': 1.0.0-4.0.0-rc.15
      '@girs/xfixes-4.0': 4.0.0-4.0.0-rc.15
      '@girs/xlib-2.0': 2.0.0-4.0.0-rc.15

  '@girs/upowerglib-1.0@0.99.1-4.0.0-beta.40':
    dependencies:
      '@girs/gio-2.0': 2.86.4-4.0.0-beta.40
      '@girs/gjs': 4.0.0-beta.40
      '@girs/glib-2.0': 2.86.4-4.0.0-beta.40
      '@girs/gmodule-2.0': 2.0.0-4.0.0-beta.40
      '@girs/gobject-2.0': 2.86.4-4.0.0-beta.40

  '@girs/xfixes-4.0@4.0.0-4.0.0-rc.15':
    dependencies:
      '@girs/gjs': 4.0.0-rc.15
      '@girs/gobject-2.0': 2.88.0-4.0.0-rc.15

  '@girs/xlib-2.0@2.0.0-4.0.0-rc.15':
    dependencies:
      '@girs/gjs': 4.0.0-rc.15
      '@girs/gobject-2.0': 2.88.0-4.0.0-rc.15

  '@tsconfig/strictest@2.0.8': {}

  typescript@5.9.3: {}
